// !$*UTF8*$!
{
	archiveVersion = 1;
	classes = {
	};
	objectVersion = 46;
	objects = {

/* Begin PBXBuildFile section */
		2785E25E18A8DCBB001D1104 /* XCTest.framework in Frameworks */ = {isa = PBXBuildFile; fileRef = 2785E25D18A8DCBB001D1104 /* XCTest.framework */; };
		2785E25F18A8DCBB001D1104 /* Foundation.framework in Frameworks */ = {isa = PBXBuildFile; fileRef = F6F5FC1A14F5683B008E647E /* Foundation.framework */; };
		2785E26018A8DCBB001D1104 /* UIKit.framework in Frameworks */ = {isa = PBXBuildFile; fileRef = F65D52D814F7B0F10034E496 /* UIKit.framework */; };
		27DDFCAF18B0CC3C00C4A6A1 /* libInterfaCSS-Core.a in Frameworks */ = {isa = PBXBuildFile; fileRef = F6F5FC1714F5683B008E647E /* libInterfaCSS-Core.a */; };
		8A03614E201A054800BA97F6 /* NSArray+ISSAdditions.m in Sources */ = {isa = PBXBuildFile; fileRef = 8A03614C201A054800BA97F6 /* NSArray+ISSAdditions.m */; };
		8A03614F201A054800BA97F6 /* NSArray+ISSAdditions.h in Headers */ = {isa = PBXBuildFile; fileRef = 8A03614D201A054800BA97F6 /* NSArray+ISSAdditions.h */; };
		8A036152201A081100BA97F6 /* ISSNestedElementSelector.h in Headers */ = {isa = PBXBuildFile; fileRef = 8A036150201A081000BA97F6 /* ISSNestedElementSelector.h */; };
		8A036153201A081100BA97F6 /* ISSNestedElementSelector.m in Sources */ = {isa = PBXBuildFile; fileRef = 8A036151201A081100BA97F6 /* ISSNestedElementSelector.m */; };
		8A3296352021BBF4002259BD /* NSObject+ISSLogSupport.h in Headers */ = {isa = PBXBuildFile; fileRef = 8A32962D2021BBF3002259BD /* NSObject+ISSLogSupport.h */; };
		8A3296362021BBF4002259BD /* NSObject+ISSLogSupport.m in Sources */ = {isa = PBXBuildFile; fileRef = 8A32962E2021BBF3002259BD /* NSObject+ISSLogSupport.m */; };
		8A32963A2021BBF4002259BD /* UIDevice+ISSAdditions.h in Headers */ = {isa = PBXBuildFile; fileRef = 8A3296322021BBF4002259BD /* UIDevice+ISSAdditions.h */; };
		8A32963C2021BBF4002259BD /* UIDevice+ISSAdditions.m in Sources */ = {isa = PBXBuildFile; fileRef = 8A3296342021BBF4002259BD /* UIDevice+ISSAdditions.m */; };
		8A32963E2021E045002259BD /* ISSElementStylingProxy+Protected.h in Headers */ = {isa = PBXBuildFile; fileRef = 8A32963D2021E045002259BD /* ISSElementStylingProxy+Protected.h */; };
		8A3296402021F974002259BD /* ISSStyler.h in Headers */ = {isa = PBXBuildFile; fileRef = 8A32963F2021F974002259BD /* ISSStyler.h */; };
		8A387FBC2010C7EF0011BD52 /* ISSStylingContext.m in Sources */ = {isa = PBXBuildFile; fileRef = 8A387FBA2010C7EF0011BD52 /* ISSStylingContext.m */; };
		8A387FBD2010C7EF0011BD52 /* ISSStylingContext.h in Headers */ = {isa = PBXBuildFile; fileRef = 8A387FBB2010C7EF0011BD52 /* ISSStylingContext.h */; };
		8A387FC22010D87B0011BD52 /* ISSPropertyDefinition.h in Headers */ = {isa = PBXBuildFile; fileRef = 8A387FBF2010D87B0011BD52 /* ISSPropertyDefinition.h */; };
		8A387FC42010D87B0011BD52 /* ISSPropertyDefinition.m in Sources */ = {isa = PBXBuildFile; fileRef = 8A387FC12010D87B0011BD52 /* ISSPropertyDefinition.m */; };
		8A387FC72010D8810011BD52 /* ISSPseudoClass.m in Sources */ = {isa = PBXBuildFile; fileRef = 8A387FC52010D8810011BD52 /* ISSPseudoClass.m */; };
		8A387FC82010D8810011BD52 /* ISSPseudoClass.h in Headers */ = {isa = PBXBuildFile; fileRef = 8A387FC62010D8810011BD52 /* ISSPseudoClass.h */; };
		8A387FCC2010DEE60011BD52 /* ISSStyleSheetManager.h in Headers */ = {isa = PBXBuildFile; fileRef = 8A387FCA2010DEE60011BD52 /* ISSStyleSheetManager.h */; };
		8A387FCD2010DEE60011BD52 /* ISSStyleSheetManager.m in Sources */ = {isa = PBXBuildFile; fileRef = 8A387FCB2010DEE60011BD52 /* ISSStyleSheetManager.m */; };
		8A677FFA202461BA00E20D18 /* NSString+ISSAdditions.m in Sources */ = {isa = PBXBuildFile; fileRef = 8A677FF6202461BA00E20D18 /* NSString+ISSAdditions.m */; };
		8A677FFB202461BA00E20D18 /* UIColor+ISSAdditions.h in Headers */ = {isa = PBXBuildFile; fileRef = 8A677FF7202461BA00E20D18 /* UIColor+ISSAdditions.h */; };
		8A677FFC202461BA00E20D18 /* NSString+ISSAdditions.h in Headers */ = {isa = PBXBuildFile; fileRef = 8A677FF8202461BA00E20D18 /* NSString+ISSAdditions.h */; };
		8A677FFD202461BA00E20D18 /* UIColor+ISSAdditions.m in Sources */ = {isa = PBXBuildFile; fileRef = 8A677FF9202461BA00E20D18 /* UIColor+ISSAdditions.m */; };
		8A97EE012016104500BF210A /* ISSStyleSheetParser+Protected.h in Headers */ = {isa = PBXBuildFile; fileRef = 8A97EE002016104500BF210A /* ISSStyleSheetParser+Protected.h */; };
		8A97EE1620161A0A00BF210A /* ISSStyleSheetParser.m in Sources */ = {isa = PBXBuildFile; fileRef = F6F83733201096D50093373E /* ISSStyleSheetParser.m */; };
		8A9F74792023575A001E90FB /* styleSheetWithBadData.css in Resources */ = {isa = PBXBuildFile; fileRef = 8A9F74742023575A001E90FB /* styleSheetWithBadData.css */; };
		8A9F747A2023575A001E90FB /* styleSheetStructure.css in Resources */ = {isa = PBXBuildFile; fileRef = 8A9F74752023575A001E90FB /* styleSheetStructure.css */; };
		8A9F747B2023575A001E90FB /* styleSheetPropertyValues.css in Resources */ = {isa = PBXBuildFile; fileRef = 8A9F74762023575A001E90FB /* styleSheetPropertyValues.css */; };
		8A9F747C2023575A001E90FB /* ISSSelectorTests.m in Sources */ = {isa = PBXBuildFile; fileRef = 8A9F74772023575A001E90FB /* ISSSelectorTests.m */; };
		8AA1412B2023256F0058B23B /* ISSPropertyManager.h in Headers */ = {isa = PBXBuildFile; fileRef = 8AA141272023256F0058B23B /* ISSPropertyManager.h */; };
		8AA1412C2023256F0058B23B /* ISSRemoteFont.m in Sources */ = {isa = PBXBuildFile; fileRef = 8AA141282023256F0058B23B /* ISSRemoteFont.m */; };
		8AA1412D2023256F0058B23B /* ISSPropertyManager.m in Sources */ = {isa = PBXBuildFile; fileRef = 8AA141292023256F0058B23B /* ISSPropertyManager.m */; };
		8AA1412E2023256F0058B23B /* ISSRemoteFont.h in Headers */ = {isa = PBXBuildFile; fileRef = 8AA1412A2023256F0058B23B /* ISSRemoteFont.h */; };
		8AA14131202326D40058B23B /* ISSElementStylingProxy.m in Sources */ = {isa = PBXBuildFile; fileRef = 8AA1412F202326D40058B23B /* ISSElementStylingProxy.m */; };
		8AA14132202326D40058B23B /* ISSElementStylingProxy.h in Headers */ = {isa = PBXBuildFile; fileRef = 8AA14130202326D40058B23B /* ISSElementStylingProxy.h */; };
		8AC2F3722023A6E50042D80C /* ISSStyleSheetParser+Support.m in Sources */ = {isa = PBXBuildFile; fileRef = F6F8372F201096D50093373E /* ISSStyleSheetParser+Support.m */; };
		8AC2F3732023A6F90042D80C /* ISSStyleSheetParser+Support.h in Headers */ = {isa = PBXBuildFile; fileRef = F6F83732201096D50093373E /* ISSStyleSheetParser+Support.h */; };
		8AD712B120230BE000C0FB05 /* ISSUpdatableValue.h in Headers */ = {isa = PBXBuildFile; fileRef = 8AD712AF20230BDF00C0FB05 /* ISSUpdatableValue.h */; };
		8AD712B220230BE000C0FB05 /* ISSUpdatableValue.m in Sources */ = {isa = PBXBuildFile; fileRef = 8AD712B020230BDF00C0FB05 /* ISSUpdatableValue.m */; };
		8AD712B5202310EE00C0FB05 /* ISSNotificationObserver.h in Headers */ = {isa = PBXBuildFile; fileRef = 8AD712B3202310EE00C0FB05 /* ISSNotificationObserver.h */; };
		8AD712B6202310EE00C0FB05 /* ISSNotificationObserver.m in Sources */ = {isa = PBXBuildFile; fileRef = 8AD712B4202310EE00C0FB05 /* ISSNotificationObserver.m */; };
		8AEE849C2020745300567B11 /* ISSStylingManager.h in Headers */ = {isa = PBXBuildFile; fileRef = 8AEE849A2020745300567B11 /* ISSStylingManager.h */; };
		8AEE849D2020745300567B11 /* ISSStylingManager.m in Sources */ = {isa = PBXBuildFile; fileRef = 8AEE849B2020745300567B11 /* ISSStylingManager.m */; };
		F600AF7720175C8200B44482 /* ISSMacros.h in Headers */ = {isa = PBXBuildFile; fileRef = F600AF7620175C8200B44482 /* ISSMacros.h */; };
		F648DB15202277D30011012C /* ISSDownloadableResource.m in Sources */ = {isa = PBXBuildFile; fileRef = F648DB0F202277D20011012C /* ISSDownloadableResource.m */; };
		F648DB16202277D30011012C /* ISSRefreshableResource.h in Headers */ = {isa = PBXBuildFile; fileRef = F648DB10202277D20011012C /* ISSRefreshableResource.h */; };
		F648DB17202277D30011012C /* ISSDateUtils.h in Headers */ = {isa = PBXBuildFile; fileRef = F648DB11202277D30011012C /* ISSDateUtils.h */; };
		F648DB18202277D30011012C /* ISSDownloadableResource.h in Headers */ = {isa = PBXBuildFile; fileRef = F648DB12202277D30011012C /* ISSDownloadableResource.h */; };
		F648DB19202277D30011012C /* ISSRefreshableResource.m in Sources */ = {isa = PBXBuildFile; fileRef = F648DB13202277D30011012C /* ISSRefreshableResource.m */; };
		F648DB1A202277D30011012C /* ISSDateUtils.m in Sources */ = {isa = PBXBuildFile; fileRef = F648DB14202277D30011012C /* ISSDateUtils.m */; };
		F65D52D914F7B0F10034E496 /* UIKit.framework in Frameworks */ = {isa = PBXBuildFile; fileRef = F65D52D814F7B0F10034E496 /* UIKit.framework */; };
		F65D52E014F7B12A0034E496 /* CoreGraphics.framework in Frameworks */ = {isa = PBXBuildFile; fileRef = F65D52DF14F7B12A0034E496 /* CoreGraphics.framework */; };
		F66C15F82011F88500ECA6D0 /* ISSStyleSheetPropertyParser.h in Headers */ = {isa = PBXBuildFile; fileRef = F66C15F62011F88500ECA6D0 /* ISSStyleSheetPropertyParser.h */; };
		F66C15F92011F88500ECA6D0 /* ISSStyleSheetPropertyParser.m in Sources */ = {isa = PBXBuildFile; fileRef = F66C15F72011F88500ECA6D0 /* ISSStyleSheetPropertyParser.m */; };
		F6BAC21D2017452F00CFD051 /* ISSStyleSheetParser.h in Headers */ = {isa = PBXBuildFile; fileRef = F6BAC21C2017452F00CFD051 /* ISSStyleSheetParser.h */; };
		F6F5FC1B14F5683B008E647E /* Foundation.framework in Frameworks */ = {isa = PBXBuildFile; fileRef = F6F5FC1A14F5683B008E647E /* Foundation.framework */; };
		F6F5FC3D14F59CFD008E6494 /* QuartzCore.framework in Frameworks */ = {isa = PBXBuildFile; fileRef = F6F5FC3D14F59CFD008E6493 /* QuartzCore.framework */; };
		F6F837582010AAE60093373E /* ISSRuntimeIntrospectionUtils.h in Headers */ = {isa = PBXBuildFile; fileRef = F6F837562010AAE60093373E /* ISSRuntimeIntrospectionUtils.h */; };
		F6F837592010AAE60093373E /* ISSRuntimeIntrospectionUtils.m in Sources */ = {isa = PBXBuildFile; fileRef = F6F837572010AAE60093373E /* ISSRuntimeIntrospectionUtils.m */; };
		F6F8375C2010AD940093373E /* ISSRuntimeProperty.m in Sources */ = {isa = PBXBuildFile; fileRef = F6F8375B2010AB2B0093373E /* ISSRuntimeProperty.m */; };
		F6F8375D2010AD970093373E /* ISSRuntimeProperty.h in Headers */ = {isa = PBXBuildFile; fileRef = F6F8375A2010AB2B0093373E /* ISSRuntimeProperty.h */; settings = {ATTRIBUTES = (Public, ); }; };
		F6F837622010B0EC0093373E /* ISSRuleset.h in Headers */ = {isa = PBXBuildFile; fileRef = F6F8375E2010B0880093373E /* ISSRuleset.h */; };
		F6F837632010B0EC0093373E /* ISSRuleset.m in Sources */ = {isa = PBXBuildFile; fileRef = F6F8375F2010B0880093373E /* ISSRuleset.m */; };
		F6F837642010B0EC0093373E /* ISSPropertyDeclaration.h in Headers */ = {isa = PBXBuildFile; fileRef = F6F837512010A9620093373E /* ISSPropertyDeclaration.h */; };
		F6F837652010B0EC0093373E /* ISSPropertyDeclaration.m in Sources */ = {isa = PBXBuildFile; fileRef = F6F837502010A9620093373E /* ISSPropertyDeclaration.m */; };
		F6F837662010B0EC0093373E /* ISSSelector.h in Headers */ = {isa = PBXBuildFile; fileRef = F6F837482010A2E90093373E /* ISSSelector.h */; };
		F6F837672010B0EC0093373E /* ISSSelector.m in Sources */ = {isa = PBXBuildFile; fileRef = F6F837472010A2E90093373E /* ISSSelector.m */; };
		F6F837682010B0EC0093373E /* ISSSelectorChain.h in Headers */ = {isa = PBXBuildFile; fileRef = F6F837432010A2E90093373E /* ISSSelectorChain.h */; };
		F6F837692010B0EC0093373E /* ISSSelectorChain.m in Sources */ = {isa = PBXBuildFile; fileRef = F6F837442010A2E90093373E /* ISSSelectorChain.m */; };
		F6F8376A2010B0EC0093373E /* ISSStyleSheet.h in Headers */ = {isa = PBXBuildFile; fileRef = F6F837452010A2E90093373E /* ISSStyleSheet.h */; };
		F6F8376B2010B0EC0093373E /* ISSStyleSheet.m in Sources */ = {isa = PBXBuildFile; fileRef = F6F837462010A2E90093373E /* ISSStyleSheet.m */; };
		F6F8376C2010B1000093373E /* ISSParser.h in Headers */ = {isa = PBXBuildFile; fileRef = F6F83735201096D50093373E /* ISSParser.h */; };
		F6F8376D2010B1000093373E /* ISSParser.m in Sources */ = {isa = PBXBuildFile; fileRef = F6F83731201096D50093373E /* ISSParser.m */; };
/* End PBXBuildFile section */

/* Begin PBXContainerItemProxy section */
		2785E26A18A8DCBB001D1104 /* PBXContainerItemProxy */ = {
			isa = PBXContainerItemProxy;
			containerPortal = F6F5FC0E14F5683B008E647E /* Project object */;
			proxyType = 1;
			remoteGlobalIDString = F6F5FC1614F5683B008E647E;
			remoteInfo = InterfaCSS;
		};
/* End PBXContainerItemProxy section */

/* Begin PBXFileReference section */
		09663E327AB9AA74CD9C88A5 /* Pods-InterfaCSS.release.xcconfig */ = {isa = PBXFileReference; includeInIndex = 1; lastKnownFileType = text.xcconfig; name = "Pods-InterfaCSS.release.xcconfig"; path = "Pods/Target Support Files/Pods-InterfaCSS/Pods-InterfaCSS.release.xcconfig"; sourceTree = "<group>"; };
		2785E25C18A8DCBB001D1104 /* InterfaCSS-Core Tests.xctest */ = {isa = PBXFileReference; explicitFileType = wrapper.cfbundle; includeInIndex = 0; path = "InterfaCSS-Core Tests.xctest"; sourceTree = BUILT_PRODUCTS_DIR; };
		2785E25D18A8DCBB001D1104 /* XCTest.framework */ = {isa = PBXFileReference; lastKnownFileType = wrapper.framework; name = XCTest.framework; path = Library/Frameworks/XCTest.framework; sourceTree = DEVELOPER_DIR; };
		27AC9F1C18F33FDF00A4182D /* CHANGES.md */ = {isa = PBXFileReference; lastKnownFileType = text; path = CHANGES.md; sourceTree = "<group>"; };
		27AC9F1D18F33FDF00A4182D /* InterfaCSS.podspec */ = {isa = PBXFileReference; lastKnownFileType = text; path = InterfaCSS.podspec; sourceTree = "<group>"; };
		27AC9F1E18F33FDF00A4182D /* README.markdown */ = {isa = PBXFileReference; lastKnownFileType = text; path = README.markdown; sourceTree = "<group>"; };
		6F452185DFC84B08E8B9E078 /* Pods-InterfaCSS Tests.debug.xcconfig */ = {isa = PBXFileReference; includeInIndex = 1; lastKnownFileType = text.xcconfig; name = "Pods-InterfaCSS Tests.debug.xcconfig"; path = "Pods/Target Support Files/Pods-InterfaCSS Tests/Pods-InterfaCSS Tests.debug.xcconfig"; sourceTree = "<group>"; };
		8A03614C201A054800BA97F6 /* NSArray+ISSAdditions.m */ = {isa = PBXFileReference; fileEncoding = 4; lastKnownFileType = sourcecode.c.objc; path = "NSArray+ISSAdditions.m"; sourceTree = "<group>"; };
		8A03614D201A054800BA97F6 /* NSArray+ISSAdditions.h */ = {isa = PBXFileReference; fileEncoding = 4; lastKnownFileType = sourcecode.c.h; path = "NSArray+ISSAdditions.h"; sourceTree = "<group>"; };
		8A036150201A081000BA97F6 /* ISSNestedElementSelector.h */ = {isa = PBXFileReference; fileEncoding = 4; lastKnownFileType = sourcecode.c.h; path = ISSNestedElementSelector.h; sourceTree = "<group>"; };
		8A036151201A081100BA97F6 /* ISSNestedElementSelector.m */ = {isa = PBXFileReference; fileEncoding = 4; lastKnownFileType = sourcecode.c.objc; path = ISSNestedElementSelector.m; sourceTree = "<group>"; };
		8A32962D2021BBF3002259BD /* NSObject+ISSLogSupport.h */ = {isa = PBXFileReference; fileEncoding = 4; lastKnownFileType = sourcecode.c.h; path = "NSObject+ISSLogSupport.h"; sourceTree = "<group>"; };
		8A32962E2021BBF3002259BD /* NSObject+ISSLogSupport.m */ = {isa = PBXFileReference; fileEncoding = 4; lastKnownFileType = sourcecode.c.objc; path = "NSObject+ISSLogSupport.m"; sourceTree = "<group>"; };
		8A3296322021BBF4002259BD /* UIDevice+ISSAdditions.h */ = {isa = PBXFileReference; fileEncoding = 4; lastKnownFileType = sourcecode.c.h; path = "UIDevice+ISSAdditions.h"; sourceTree = "<group>"; };
		8A3296342021BBF4002259BD /* UIDevice+ISSAdditions.m */ = {isa = PBXFileReference; fileEncoding = 4; lastKnownFileType = sourcecode.c.objc; path = "UIDevice+ISSAdditions.m"; sourceTree = "<group>"; };
		8A32963D2021E045002259BD /* ISSElementStylingProxy+Protected.h */ = {isa = PBXFileReference; lastKnownFileType = sourcecode.c.h; path = "ISSElementStylingProxy+Protected.h"; sourceTree = "<group>"; };
		8A32963F2021F974002259BD /* ISSStyler.h */ = {isa = PBXFileReference; lastKnownFileType = sourcecode.c.h; path = ISSStyler.h; sourceTree = "<group>"; };
		8A387FBA2010C7EF0011BD52 /* ISSStylingContext.m */ = {isa = PBXFileReference; fileEncoding = 4; lastKnownFileType = sourcecode.c.objc; path = ISSStylingContext.m; sourceTree = "<group>"; };
		8A387FBB2010C7EF0011BD52 /* ISSStylingContext.h */ = {isa = PBXFileReference; fileEncoding = 4; lastKnownFileType = sourcecode.c.h; path = ISSStylingContext.h; sourceTree = "<group>"; };
		8A387FBF2010D87B0011BD52 /* ISSPropertyDefinition.h */ = {isa = PBXFileReference; fileEncoding = 4; lastKnownFileType = sourcecode.c.h; path = ISSPropertyDefinition.h; sourceTree = "<group>"; };
		8A387FC12010D87B0011BD52 /* ISSPropertyDefinition.m */ = {isa = PBXFileReference; fileEncoding = 4; lastKnownFileType = sourcecode.c.objc; path = ISSPropertyDefinition.m; sourceTree = "<group>"; };
		8A387FC52010D8810011BD52 /* ISSPseudoClass.m */ = {isa = PBXFileReference; fileEncoding = 4; lastKnownFileType = sourcecode.c.objc; path = ISSPseudoClass.m; sourceTree = "<group>"; };
		8A387FC62010D8810011BD52 /* ISSPseudoClass.h */ = {isa = PBXFileReference; fileEncoding = 4; lastKnownFileType = sourcecode.c.h; path = ISSPseudoClass.h; sourceTree = "<group>"; };
		8A387FCA2010DEE60011BD52 /* ISSStyleSheetManager.h */ = {isa = PBXFileReference; lastKnownFileType = sourcecode.c.h; path = ISSStyleSheetManager.h; sourceTree = "<group>"; };
		8A387FCB2010DEE60011BD52 /* ISSStyleSheetManager.m */ = {isa = PBXFileReference; lastKnownFileType = sourcecode.c.objc; path = ISSStyleSheetManager.m; sourceTree = "<group>"; };
		8A677FF6202461BA00E20D18 /* NSString+ISSAdditions.m */ = {isa = PBXFileReference; fileEncoding = 4; lastKnownFileType = sourcecode.c.objc; path = "NSString+ISSAdditions.m"; sourceTree = "<group>"; };
		8A677FF7202461BA00E20D18 /* UIColor+ISSAdditions.h */ = {isa = PBXFileReference; fileEncoding = 4; lastKnownFileType = sourcecode.c.h; path = "UIColor+ISSAdditions.h"; sourceTree = "<group>"; };
		8A677FF8202461BA00E20D18 /* NSString+ISSAdditions.h */ = {isa = PBXFileReference; fileEncoding = 4; lastKnownFileType = sourcecode.c.h; path = "NSString+ISSAdditions.h"; sourceTree = "<group>"; };
		8A677FF9202461BA00E20D18 /* UIColor+ISSAdditions.m */ = {isa = PBXFileReference; fileEncoding = 4; lastKnownFileType = sourcecode.c.objc; path = "UIColor+ISSAdditions.m"; sourceTree = "<group>"; };
		8A97EE002016104500BF210A /* ISSStyleSheetParser+Protected.h */ = {isa = PBXFileReference; lastKnownFileType = sourcecode.c.h; path = "ISSStyleSheetParser+Protected.h"; sourceTree = "<group>"; };
		8A9F74742023575A001E90FB /* styleSheetWithBadData.css */ = {isa = PBXFileReference; fileEncoding = 4; lastKnownFileType = text.css; path = styleSheetWithBadData.css; sourceTree = "<group>"; };
		8A9F74752023575A001E90FB /* styleSheetStructure.css */ = {isa = PBXFileReference; fileEncoding = 4; lastKnownFileType = text.css; path = styleSheetStructure.css; sourceTree = "<group>"; };
		8A9F74762023575A001E90FB /* styleSheetPropertyValues.css */ = {isa = PBXFileReference; fileEncoding = 4; lastKnownFileType = text.css; path = styleSheetPropertyValues.css; sourceTree = "<group>"; };
		8A9F74772023575A001E90FB /* ISSSelectorTests.m */ = {isa = PBXFileReference; fileEncoding = 4; lastKnownFileType = sourcecode.c.objc; path = ISSSelectorTests.m; sourceTree = "<group>"; };
		8A9F74782023575A001E90FB /* ISSStyleSheetParserTests.m */ = {isa = PBXFileReference; fileEncoding = 4; lastKnownFileType = sourcecode.c.objc; path = ISSStyleSheetParserTests.m; sourceTree = "<group>"; };
		8A9F747E202357AA001E90FB /* .travis.yml */ = {isa = PBXFileReference; lastKnownFileType = text; path = .travis.yml; sourceTree = "<group>"; };
		8AA141272023256F0058B23B /* ISSPropertyManager.h */ = {isa = PBXFileReference; fileEncoding = 4; lastKnownFileType = sourcecode.c.h; path = ISSPropertyManager.h; sourceTree = "<group>"; };
		8AA141282023256F0058B23B /* ISSRemoteFont.m */ = {isa = PBXFileReference; fileEncoding = 4; lastKnownFileType = sourcecode.c.objc; path = ISSRemoteFont.m; sourceTree = "<group>"; };
		8AA141292023256F0058B23B /* ISSPropertyManager.m */ = {isa = PBXFileReference; fileEncoding = 4; lastKnownFileType = sourcecode.c.objc; path = ISSPropertyManager.m; sourceTree = "<group>"; };
		8AA1412A2023256F0058B23B /* ISSRemoteFont.h */ = {isa = PBXFileReference; fileEncoding = 4; lastKnownFileType = sourcecode.c.h; path = ISSRemoteFont.h; sourceTree = "<group>"; };
		8AA1412F202326D40058B23B /* ISSElementStylingProxy.m */ = {isa = PBXFileReference; fileEncoding = 4; lastKnownFileType = sourcecode.c.objc; path = ISSElementStylingProxy.m; sourceTree = "<group>"; };
		8AA14130202326D40058B23B /* ISSElementStylingProxy.h */ = {isa = PBXFileReference; fileEncoding = 4; lastKnownFileType = sourcecode.c.h; path = ISSElementStylingProxy.h; sourceTree = "<group>"; };
		8AD712AF20230BDF00C0FB05 /* ISSUpdatableValue.h */ = {isa = PBXFileReference; fileEncoding = 4; lastKnownFileType = sourcecode.c.h; path = ISSUpdatableValue.h; sourceTree = "<group>"; };
		8AD712B020230BDF00C0FB05 /* ISSUpdatableValue.m */ = {isa = PBXFileReference; fileEncoding = 4; lastKnownFileType = sourcecode.c.objc; path = ISSUpdatableValue.m; sourceTree = "<group>"; };
		8AD712B3202310EE00C0FB05 /* ISSNotificationObserver.h */ = {isa = PBXFileReference; lastKnownFileType = sourcecode.c.h; path = ISSNotificationObserver.h; sourceTree = "<group>"; };
		8AD712B4202310EE00C0FB05 /* ISSNotificationObserver.m */ = {isa = PBXFileReference; lastKnownFileType = sourcecode.c.objc; path = ISSNotificationObserver.m; sourceTree = "<group>"; };
		8AEE849A2020745300567B11 /* ISSStylingManager.h */ = {isa = PBXFileReference; fileEncoding = 4; lastKnownFileType = sourcecode.c.h; path = ISSStylingManager.h; sourceTree = "<group>"; };
		8AEE849B2020745300567B11 /* ISSStylingManager.m */ = {isa = PBXFileReference; fileEncoding = 4; lastKnownFileType = sourcecode.c.objc; path = ISSStylingManager.m; sourceTree = "<group>"; };
		B6BB5F4E9F40A1F154CB7C38 /* Pods-InterfaCSS Tests.release.xcconfig */ = {isa = PBXFileReference; includeInIndex = 1; lastKnownFileType = text.xcconfig; name = "Pods-InterfaCSS Tests.release.xcconfig"; path = "Pods/Target Support Files/Pods-InterfaCSS Tests/Pods-InterfaCSS Tests.release.xcconfig"; sourceTree = "<group>"; };
		BAB419DEBE564B11F9255205 /* Pods-InterfaCSS.debug.xcconfig */ = {isa = PBXFileReference; includeInIndex = 1; lastKnownFileType = text.xcconfig; name = "Pods-InterfaCSS.debug.xcconfig"; path = "Pods/Target Support Files/Pods-InterfaCSS/Pods-InterfaCSS.debug.xcconfig"; sourceTree = "<group>"; };
		F600AF7620175C8200B44482 /* ISSMacros.h */ = {isa = PBXFileReference; lastKnownFileType = sourcecode.c.h; path = ISSMacros.h; sourceTree = "<group>"; };
		F648DB0F202277D20011012C /* ISSDownloadableResource.m */ = {isa = PBXFileReference; fileEncoding = 4; lastKnownFileType = sourcecode.c.objc; path = ISSDownloadableResource.m; sourceTree = "<group>"; };
		F648DB10202277D20011012C /* ISSRefreshableResource.h */ = {isa = PBXFileReference; fileEncoding = 4; lastKnownFileType = sourcecode.c.h; path = ISSRefreshableResource.h; sourceTree = "<group>"; };
		F648DB11202277D30011012C /* ISSDateUtils.h */ = {isa = PBXFileReference; fileEncoding = 4; lastKnownFileType = sourcecode.c.h; path = ISSDateUtils.h; sourceTree = "<group>"; };
		F648DB12202277D30011012C /* ISSDownloadableResource.h */ = {isa = PBXFileReference; fileEncoding = 4; lastKnownFileType = sourcecode.c.h; path = ISSDownloadableResource.h; sourceTree = "<group>"; };
		F648DB13202277D30011012C /* ISSRefreshableResource.m */ = {isa = PBXFileReference; fileEncoding = 4; lastKnownFileType = sourcecode.c.objc; path = ISSRefreshableResource.m; sourceTree = "<group>"; };
		F648DB14202277D30011012C /* ISSDateUtils.m */ = {isa = PBXFileReference; fileEncoding = 4; lastKnownFileType = sourcecode.c.objc; path = ISSDateUtils.m; sourceTree = "<group>"; };
		F65D52D814F7B0F10034E496 /* UIKit.framework */ = {isa = PBXFileReference; lastKnownFileType = wrapper.framework; name = UIKit.framework; path = System/Library/Frameworks/UIKit.framework; sourceTree = SDKROOT; };
		F65D52DF14F7B12A0034E496 /* CoreGraphics.framework */ = {isa = PBXFileReference; lastKnownFileType = wrapper.framework; name = CoreGraphics.framework; path = System/Library/Frameworks/CoreGraphics.framework; sourceTree = SDKROOT; };
		F66C15F62011F88500ECA6D0 /* ISSStyleSheetPropertyParser.h */ = {isa = PBXFileReference; lastKnownFileType = sourcecode.c.h; path = ISSStyleSheetPropertyParser.h; sourceTree = "<group>"; };
		F66C15F72011F88500ECA6D0 /* ISSStyleSheetPropertyParser.m */ = {isa = PBXFileReference; lastKnownFileType = sourcecode.c.objc; path = ISSStyleSheetPropertyParser.m; sourceTree = "<group>"; };
		F6BAC21C2017452F00CFD051 /* ISSStyleSheetParser.h */ = {isa = PBXFileReference; fileEncoding = 4; lastKnownFileType = sourcecode.c.h; path = ISSStyleSheetParser.h; sourceTree = "<group>"; };
		F6F5FC1714F5683B008E647E /* libInterfaCSS-Core.a */ = {isa = PBXFileReference; explicitFileType = archive.ar; includeInIndex = 0; path = "libInterfaCSS-Core.a"; sourceTree = BUILT_PRODUCTS_DIR; };
		F6F5FC1A14F5683B008E647E /* Foundation.framework */ = {isa = PBXFileReference; lastKnownFileType = wrapper.framework; name = Foundation.framework; path = System/Library/Frameworks/Foundation.framework; sourceTree = SDKROOT; };
		F6F5FC3D14F59CFD008E6493 /* QuartzCore.framework */ = {isa = PBXFileReference; lastKnownFileType = wrapper.framework; name = QuartzCore.framework; path = System/Library/Frameworks/QuartzCore.framework; sourceTree = SDKROOT; };
		F6F8372F201096D50093373E /* ISSStyleSheetParser+Support.m */ = {isa = PBXFileReference; fileEncoding = 4; lastKnownFileType = sourcecode.c.objc; path = "ISSStyleSheetParser+Support.m"; sourceTree = "<group>"; };
		F6F83731201096D50093373E /* ISSParser.m */ = {isa = PBXFileReference; fileEncoding = 4; lastKnownFileType = sourcecode.c.objc; path = ISSParser.m; sourceTree = "<group>"; };
		F6F83732201096D50093373E /* ISSStyleSheetParser+Support.h */ = {isa = PBXFileReference; fileEncoding = 4; lastKnownFileType = sourcecode.c.h; path = "ISSStyleSheetParser+Support.h"; sourceTree = "<group>"; };
		F6F83733201096D50093373E /* ISSStyleSheetParser.m */ = {isa = PBXFileReference; fileEncoding = 4; lastKnownFileType = sourcecode.c.objc; path = ISSStyleSheetParser.m; sourceTree = "<group>"; };
		F6F83735201096D50093373E /* ISSParser.h */ = {isa = PBXFileReference; fileEncoding = 4; lastKnownFileType = sourcecode.c.h; path = ISSParser.h; sourceTree = "<group>"; };
		F6F837432010A2E90093373E /* ISSSelectorChain.h */ = {isa = PBXFileReference; fileEncoding = 4; lastKnownFileType = sourcecode.c.h; path = ISSSelectorChain.h; sourceTree = "<group>"; };
		F6F837442010A2E90093373E /* ISSSelectorChain.m */ = {isa = PBXFileReference; fileEncoding = 4; lastKnownFileType = sourcecode.c.objc; path = ISSSelectorChain.m; sourceTree = "<group>"; };
		F6F837452010A2E90093373E /* ISSStyleSheet.h */ = {isa = PBXFileReference; fileEncoding = 4; lastKnownFileType = sourcecode.c.h; path = ISSStyleSheet.h; sourceTree = "<group>"; };
		F6F837462010A2E90093373E /* ISSStyleSheet.m */ = {isa = PBXFileReference; fileEncoding = 4; lastKnownFileType = sourcecode.c.objc; path = ISSStyleSheet.m; sourceTree = "<group>"; };
		F6F837472010A2E90093373E /* ISSSelector.m */ = {isa = PBXFileReference; fileEncoding = 4; lastKnownFileType = sourcecode.c.objc; path = ISSSelector.m; sourceTree = "<group>"; };
		F6F837482010A2E90093373E /* ISSSelector.h */ = {isa = PBXFileReference; fileEncoding = 4; lastKnownFileType = sourcecode.c.h; path = ISSSelector.h; sourceTree = "<group>"; };
		F6F837502010A9620093373E /* ISSPropertyDeclaration.m */ = {isa = PBXFileReference; fileEncoding = 4; lastKnownFileType = sourcecode.c.objc; path = ISSPropertyDeclaration.m; sourceTree = "<group>"; };
		F6F837512010A9620093373E /* ISSPropertyDeclaration.h */ = {isa = PBXFileReference; fileEncoding = 4; lastKnownFileType = sourcecode.c.h; path = ISSPropertyDeclaration.h; sourceTree = "<group>"; };
		F6F837562010AAE60093373E /* ISSRuntimeIntrospectionUtils.h */ = {isa = PBXFileReference; fileEncoding = 4; lastKnownFileType = sourcecode.c.h; path = ISSRuntimeIntrospectionUtils.h; sourceTree = "<group>"; };
		F6F837572010AAE60093373E /* ISSRuntimeIntrospectionUtils.m */ = {isa = PBXFileReference; fileEncoding = 4; lastKnownFileType = sourcecode.c.objc; path = ISSRuntimeIntrospectionUtils.m; sourceTree = "<group>"; };
		F6F8375A2010AB2B0093373E /* ISSRuntimeProperty.h */ = {isa = PBXFileReference; lastKnownFileType = sourcecode.c.h; path = ISSRuntimeProperty.h; sourceTree = "<group>"; };
		F6F8375B2010AB2B0093373E /* ISSRuntimeProperty.m */ = {isa = PBXFileReference; lastKnownFileType = sourcecode.c.objc; path = ISSRuntimeProperty.m; sourceTree = "<group>"; };
		F6F8375E2010B0880093373E /* ISSRuleset.h */ = {isa = PBXFileReference; fileEncoding = 4; lastKnownFileType = sourcecode.c.h; path = ISSRuleset.h; sourceTree = "<group>"; };
		F6F8375F2010B0880093373E /* ISSRuleset.m */ = {isa = PBXFileReference; fileEncoding = 4; lastKnownFileType = sourcecode.c.objc; path = ISSRuleset.m; sourceTree = "<group>"; };
/* End PBXFileReference section */

/* Begin PBXFrameworksBuildPhase section */
		2785E25918A8DCBB001D1104 /* Frameworks */ = {
			isa = PBXFrameworksBuildPhase;
			buildActionMask = 2147483647;
			files = (
				27DDFCAF18B0CC3C00C4A6A1 /* libInterfaCSS-Core.a in Frameworks */,
				2785E25E18A8DCBB001D1104 /* XCTest.framework in Frameworks */,
				2785E26018A8DCBB001D1104 /* UIKit.framework in Frameworks */,
				2785E25F18A8DCBB001D1104 /* Foundation.framework in Frameworks */,
			);
			runOnlyForDeploymentPostprocessing = 0;
		};
		F6F5FC1414F5683B008E647E /* Frameworks */ = {
			isa = PBXFrameworksBuildPhase;
			buildActionMask = 2147483647;
			files = (
				F65D52E014F7B12A0034E496 /* CoreGraphics.framework in Frameworks */,
				F65D52D914F7B0F10034E496 /* UIKit.framework in Frameworks */,
				F6F5FC1B14F5683B008E647E /* Foundation.framework in Frameworks */,
				F6F5FC3D14F59CFD008E6494 /* QuartzCore.framework in Frameworks */,
			);
			runOnlyForDeploymentPostprocessing = 0;
		};
/* End PBXFrameworksBuildPhase section */

/* Begin PBXGroup section */
		8A387FBE2010D6A90011BD52 /* Property */ = {
			isa = PBXGroup;
			children = (
				8AA141272023256F0058B23B /* ISSPropertyManager.h */,
				8AA141292023256F0058B23B /* ISSPropertyManager.m */,
				8AA1412A2023256F0058B23B /* ISSRemoteFont.h */,
				8AA141282023256F0058B23B /* ISSRemoteFont.m */,
				8A387FBF2010D87B0011BD52 /* ISSPropertyDefinition.h */,
				8A387FC12010D87B0011BD52 /* ISSPropertyDefinition.m */,
				8AD712AF20230BDF00C0FB05 /* ISSUpdatableValue.h */,
				8AD712B020230BDF00C0FB05 /* ISSUpdatableValue.m */,
			);
			name = Property;
			sourceTree = "<group>";
		};
		8A387FC92010DE180011BD52 /* Extension */ = {
			isa = PBXGroup;
			children = (
				8A03614D201A054800BA97F6 /* NSArray+ISSAdditions.h */,
				8A03614C201A054800BA97F6 /* NSArray+ISSAdditions.m */,
				8A32962D2021BBF3002259BD /* NSObject+ISSLogSupport.h */,
				8A32962E2021BBF3002259BD /* NSObject+ISSLogSupport.m */,
				8A677FF8202461BA00E20D18 /* NSString+ISSAdditions.h */,
				8A677FF6202461BA00E20D18 /* NSString+ISSAdditions.m */,
				8A677FF7202461BA00E20D18 /* UIColor+ISSAdditions.h */,
				8A677FF9202461BA00E20D18 /* UIColor+ISSAdditions.m */,
				8A3296322021BBF4002259BD /* UIDevice+ISSAdditions.h */,
				8A3296342021BBF4002259BD /* UIDevice+ISSAdditions.m */,
			);
			name = Extension;
			sourceTree = "<group>";
		};
		8A9F74732023575A001E90FB /* TestData */ = {
			isa = PBXGroup;
			children = (
				8A9F74742023575A001E90FB /* styleSheetWithBadData.css */,
				8A9F74752023575A001E90FB /* styleSheetStructure.css */,
				8A9F74762023575A001E90FB /* styleSheetPropertyValues.css */,
			);
			path = TestData;
			sourceTree = "<group>";
		};
		CE3DE08EA031BFA6C00343AC /* Pods */ = {
			isa = PBXGroup;
			children = (
				BAB419DEBE564B11F9255205 /* Pods-InterfaCSS.debug.xcconfig */,
				09663E327AB9AA74CD9C88A5 /* Pods-InterfaCSS.release.xcconfig */,
				6F452185DFC84B08E8B9E078 /* Pods-InterfaCSS Tests.debug.xcconfig */,
				B6BB5F4E9F40A1F154CB7C38 /* Pods-InterfaCSS Tests.release.xcconfig */,
			);
			name = Pods;
			sourceTree = "<group>";
		};
		F6F5FC0C14F5683B008E647E = {
			isa = PBXGroup;
			children = (
				8A9F747E202357AA001E90FB /* .travis.yml */,
				27AC9F1C18F33FDF00A4182D /* CHANGES.md */,
				27AC9F1D18F33FDF00A4182D /* InterfaCSS.podspec */,
				27AC9F1E18F33FDF00A4182D /* README.markdown */,
				F6F8372C201096D50093373E /* Core */,
				F6F5FC1914F5683B008E647E /* Frameworks */,
				F6F5FC1814F5683B008E647E /* Products */,
				CE3DE08EA031BFA6C00343AC /* Pods */,
			);
			sourceTree = "<group>";
		};
		F6F5FC1814F5683B008E647E /* Products */ = {
			isa = PBXGroup;
			children = (
				F6F5FC1714F5683B008E647E /* libInterfaCSS-Core.a */,
				2785E25C18A8DCBB001D1104 /* InterfaCSS-Core Tests.xctest */,
			);
			name = Products;
			sourceTree = "<group>";
		};
		F6F5FC1914F5683B008E647E /* Frameworks */ = {
			isa = PBXGroup;
			children = (
				F6F5FC3D14F59CFD008E6493 /* QuartzCore.framework */,
				F65D52D814F7B0F10034E496 /* UIKit.framework */,
				F65D52DF14F7B12A0034E496 /* CoreGraphics.framework */,
				F6F5FC1A14F5683B008E647E /* Foundation.framework */,
				2785E25D18A8DCBB001D1104 /* XCTest.framework */,
			);
			name = Frameworks;
			sourceTree = "<group>";
		};
		F6F8372C201096D50093373E /* Core */ = {
			isa = PBXGroup;
			children = (
				F6F8372D201096D50093373E /* Test */,
				F6F8372E201096D50093373E /* Source */,
			);
			path = Core;
			sourceTree = "<group>";
		};
		F6F8372D201096D50093373E /* Test */ = {
			isa = PBXGroup;
			children = (
				8A9F74732023575A001E90FB /* TestData */,
				8A9F74772023575A001E90FB /* ISSSelectorTests.m */,
				8A9F74782023575A001E90FB /* ISSStyleSheetParserTests.m */,
			);
			path = Test;
			sourceTree = "<group>";
		};
		F6F8372E201096D50093373E /* Source */ = {
			isa = PBXGroup;
			children = (
				8A387FC92010DE180011BD52 /* Extension */,
				8A387FBE2010D6A90011BD52 /* Property */,
				F6F837422010A2D90093373E /* Stylesheet */,
				F6F837402010A2000093373E /* Parser */,
				F6F837552010AA490093373E /* Runtime */,
				F6F8374F2010A3CA0093373E /* Styling */,
				F6F837542010AA210093373E /* Util */,
			);
			path = Source;
			sourceTree = "<group>";
		};
		F6F837402010A2000093373E /* Parser */ = {
			isa = PBXGroup;
			children = (
				F6BAC21C2017452F00CFD051 /* ISSStyleSheetParser.h */,
				8A97EE002016104500BF210A /* ISSStyleSheetParser+Protected.h */,
				F6F83733201096D50093373E /* ISSStyleSheetParser.m */,
				F6F83732201096D50093373E /* ISSStyleSheetParser+Support.h */,
				F6F8372F201096D50093373E /* ISSStyleSheetParser+Support.m */,
				F66C15F62011F88500ECA6D0 /* ISSStyleSheetPropertyParser.h */,
				F66C15F72011F88500ECA6D0 /* ISSStyleSheetPropertyParser.m */,
				F6F83735201096D50093373E /* ISSParser.h */,
				F6F83731201096D50093373E /* ISSParser.m */,
			);
			name = Parser;
			sourceTree = "<group>";
		};
		F6F837422010A2D90093373E /* Stylesheet */ = {
			isa = PBXGroup;
			children = (
				8A387FCA2010DEE60011BD52 /* ISSStyleSheetManager.h */,
				8A387FCB2010DEE60011BD52 /* ISSStyleSheetManager.m */,
				8A387FC62010D8810011BD52 /* ISSPseudoClass.h */,
				8A387FC52010D8810011BD52 /* ISSPseudoClass.m */,
				F6F8375E2010B0880093373E /* ISSRuleset.h */,
				F6F8375F2010B0880093373E /* ISSRuleset.m */,
				F6F837512010A9620093373E /* ISSPropertyDeclaration.h */,
				F6F837502010A9620093373E /* ISSPropertyDeclaration.m */,
				F6F837482010A2E90093373E /* ISSSelector.h */,
				F6F837472010A2E90093373E /* ISSSelector.m */,
				8A036150201A081000BA97F6 /* ISSNestedElementSelector.h */,
				8A036151201A081100BA97F6 /* ISSNestedElementSelector.m */,
				F6F837432010A2E90093373E /* ISSSelectorChain.h */,
				F6F837442010A2E90093373E /* ISSSelectorChain.m */,
				F6F837452010A2E90093373E /* ISSStyleSheet.h */,
				F6F837462010A2E90093373E /* ISSStyleSheet.m */,
			);
			name = Stylesheet;
			sourceTree = "<group>";
		};
		F6F8374F2010A3CA0093373E /* Styling */ = {
			isa = PBXGroup;
			children = (
				8A32963F2021F974002259BD /* ISSStyler.h */,
				8AEE849A2020745300567B11 /* ISSStylingManager.h */,
				8AEE849B2020745300567B11 /* ISSStylingManager.m */,
				8A387FBB2010C7EF0011BD52 /* ISSStylingContext.h */,
				8A387FBA2010C7EF0011BD52 /* ISSStylingContext.m */,
				8AA14130202326D40058B23B /* ISSElementStylingProxy.h */,
				8A32963D2021E045002259BD /* ISSElementStylingProxy+Protected.h */,
				8AA1412F202326D40058B23B /* ISSElementStylingProxy.m */,
			);
			name = Styling;
			sourceTree = "<group>";
		};
		F6F837542010AA210093373E /* Util */ = {
			isa = PBXGroup;
			children = (
				F600AF7620175C8200B44482 /* ISSMacros.h */,
				F648DB11202277D30011012C /* ISSDateUtils.h */,
				F648DB14202277D30011012C /* ISSDateUtils.m */,
				8AD712B3202310EE00C0FB05 /* ISSNotificationObserver.h */,
				8AD712B4202310EE00C0FB05 /* ISSNotificationObserver.m */,
				F648DB12202277D30011012C /* ISSDownloadableResource.h */,
				F648DB0F202277D20011012C /* ISSDownloadableResource.m */,
				F648DB10202277D20011012C /* ISSRefreshableResource.h */,
				F648DB13202277D30011012C /* ISSRefreshableResource.m */,
			);
			name = Util;
			sourceTree = "<group>";
		};
		F6F837552010AA490093373E /* Runtime */ = {
			isa = PBXGroup;
			children = (
				F6F8375A2010AB2B0093373E /* ISSRuntimeProperty.h */,
				F6F8375B2010AB2B0093373E /* ISSRuntimeProperty.m */,
				F6F837562010AAE60093373E /* ISSRuntimeIntrospectionUtils.h */,
				F6F837572010AAE60093373E /* ISSRuntimeIntrospectionUtils.m */,
			);
			name = Runtime;
			sourceTree = "<group>";
		};
/* End PBXGroup section */

/* Begin PBXHeadersBuildPhase section */
		F6F5FC1514F5683B008E647E /* Headers */ = {
			isa = PBXHeadersBuildPhase;
			buildActionMask = 2147483647;
			files = (
				8A97EE012016104500BF210A /* ISSStyleSheetParser+Protected.h in Headers */,
				8AA14132202326D40058B23B /* ISSElementStylingProxy.h in Headers */,
				8A32963E2021E045002259BD /* ISSElementStylingProxy+Protected.h in Headers */,
				8AC2F3732023A6F90042D80C /* ISSStyleSheetParser+Support.h in Headers */,
				F648DB18202277D30011012C /* ISSDownloadableResource.h in Headers */,
				F648DB17202277D30011012C /* ISSDateUtils.h in Headers */,
				8A677FFC202461BA00E20D18 /* NSString+ISSAdditions.h in Headers */,
				8AEE849C2020745300567B11 /* ISSStylingManager.h in Headers */,
				8A387FCC2010DEE60011BD52 /* ISSStyleSheetManager.h in Headers */,
				F6F837682010B0EC0093373E /* ISSSelectorChain.h in Headers */,
				F6F837622010B0EC0093373E /* ISSRuleset.h in Headers */,
				F6F8375D2010AD970093373E /* ISSRuntimeProperty.h in Headers */,
				8A387FC22010D87B0011BD52 /* ISSPropertyDefinition.h in Headers */,
				8A036152201A081100BA97F6 /* ISSNestedElementSelector.h in Headers */,
				F6BAC21D2017452F00CFD051 /* ISSStyleSheetParser.h in Headers */,
				8AD712B5202310EE00C0FB05 /* ISSNotificationObserver.h in Headers */,
				F6F8376C2010B1000093373E /* ISSParser.h in Headers */,
				F6F837662010B0EC0093373E /* ISSSelector.h in Headers */,
				8A3296352021BBF4002259BD /* NSObject+ISSLogSupport.h in Headers */,
				F66C15F82011F88500ECA6D0 /* ISSStyleSheetPropertyParser.h in Headers */,
				8A32963A2021BBF4002259BD /* UIDevice+ISSAdditions.h in Headers */,
				F6F837642010B0EC0093373E /* ISSPropertyDeclaration.h in Headers */,
				8AD712B120230BE000C0FB05 /* ISSUpdatableValue.h in Headers */,
				8A387FC82010D8810011BD52 /* ISSPseudoClass.h in Headers */,
				8AA1412E2023256F0058B23B /* ISSRemoteFont.h in Headers */,
				F6F8376A2010B0EC0093373E /* ISSStyleSheet.h in Headers */,
				8AA1412B2023256F0058B23B /* ISSPropertyManager.h in Headers */,
				F600AF7720175C8200B44482 /* ISSMacros.h in Headers */,
				8A03614F201A054800BA97F6 /* NSArray+ISSAdditions.h in Headers */,
				8A677FFB202461BA00E20D18 /* UIColor+ISSAdditions.h in Headers */,
				F648DB16202277D30011012C /* ISSRefreshableResource.h in Headers */,
				F6F837582010AAE60093373E /* ISSRuntimeIntrospectionUtils.h in Headers */,
				8A387FBD2010C7EF0011BD52 /* ISSStylingContext.h in Headers */,
				8A3296402021F974002259BD /* ISSStyler.h in Headers */,
			);
			runOnlyForDeploymentPostprocessing = 0;
		};
/* End PBXHeadersBuildPhase section */

/* Begin PBXNativeTarget section */
		2785E25B18A8DCBB001D1104 /* InterfaCSS-Core Tests */ = {
			isa = PBXNativeTarget;
			buildConfigurationList = 2785E26E18A8DCBB001D1104 /* Build configuration list for PBXNativeTarget "InterfaCSS-Core Tests" */;
			buildPhases = (
				2785E25818A8DCBB001D1104 /* Sources */,
				2785E25918A8DCBB001D1104 /* Frameworks */,
				2785E25A18A8DCBB001D1104 /* Resources */,
			);
			buildRules = (
			);
			dependencies = (
				2785E26B18A8DCBB001D1104 /* PBXTargetDependency */,
			);
			name = "InterfaCSS-Core Tests";
			productName = "InterfaCSS Tests";
			productReference = 2785E25C18A8DCBB001D1104 /* InterfaCSS-Core Tests.xctest */;
			productType = "com.apple.product-type.bundle.unit-test";
		};
		F6F5FC1614F5683B008E647E /* InterfaCSS-Core */ = {
			isa = PBXNativeTarget;
			buildConfigurationList = F6F5FC2414F5683B008E647E /* Build configuration list for PBXNativeTarget "InterfaCSS-Core" */;
			buildPhases = (
				F6F5FC1314F5683B008E647E /* Sources */,
				F6F5FC1414F5683B008E647E /* Frameworks */,
				F6F5FC1514F5683B008E647E /* Headers */,
			);
			buildRules = (
			);
			dependencies = (
			);
			name = "InterfaCSS-Core";
			productName = InterfaCSS;
			productReference = F6F5FC1714F5683B008E647E /* libInterfaCSS-Core.a */;
			productType = "com.apple.product-type.library.static";
		};
/* End PBXNativeTarget section */

/* Begin PBXProject section */
		F6F5FC0E14F5683B008E647E /* Project object */ = {
			isa = PBXProject;
			attributes = {
				LastUpgradeCheck = 0920;
				ORGANIZATIONNAME = "Leafnode AB";
				TargetAttributes = {
					2785E25B18A8DCBB001D1104 = {
						TestTargetID = 27C6468618C33D0E0017BFA4;
					};
				};
			};
			buildConfigurationList = F6F5FC1114F5683B008E647E /* Build configuration list for PBXProject "InterfaCSS" */;
			compatibilityVersion = "Xcode 3.2";
			developmentRegion = English;
			hasScannedForEncodings = 0;
			knownRegions = (
				en,
			);
			mainGroup = F6F5FC0C14F5683B008E647E;
			productRefGroup = F6F5FC1814F5683B008E647E /* Products */;
			projectDirPath = "";
			projectRoot = "";
			targets = (
				F6F5FC1614F5683B008E647E /* InterfaCSS-Core */,
				2785E25B18A8DCBB001D1104 /* InterfaCSS-Core Tests */,
			);
		};
/* End PBXProject section */

/* Begin PBXResourcesBuildPhase section */
		2785E25A18A8DCBB001D1104 /* Resources */ = {
			isa = PBXResourcesBuildPhase;
			buildActionMask = 2147483647;
			files = (
				8A9F74792023575A001E90FB /* styleSheetWithBadData.css in Resources */,
				8A9F747B2023575A001E90FB /* styleSheetPropertyValues.css in Resources */,
				8A9F747A2023575A001E90FB /* styleSheetStructure.css in Resources */,
			);
			runOnlyForDeploymentPostprocessing = 0;
		};
/* End PBXResourcesBuildPhase section */

/* Begin PBXSourcesBuildPhase section */
		2785E25818A8DCBB001D1104 /* Sources */ = {
			isa = PBXSourcesBuildPhase;
			buildActionMask = 2147483647;
			files = (
				8A9F747C2023575A001E90FB /* ISSSelectorTests.m in Sources */,
			);
			runOnlyForDeploymentPostprocessing = 0;
		};
		F6F5FC1314F5683B008E647E /* Sources */ = {
			isa = PBXSourcesBuildPhase;
			buildActionMask = 2147483647;
			files = (
				8A677FFA202461BA00E20D18 /* NSString+ISSAdditions.m in Sources */,
				8AA1412D2023256F0058B23B /* ISSPropertyManager.m in Sources */,
				F6F837692010B0EC0093373E /* ISSSelectorChain.m in Sources */,
				8A387FC42010D87B0011BD52 /* ISSPropertyDefinition.m in Sources */,
				8A387FBC2010C7EF0011BD52 /* ISSStylingContext.m in Sources */,
				F6F837592010AAE60093373E /* ISSRuntimeIntrospectionUtils.m in Sources */,
				8A036153201A081100BA97F6 /* ISSNestedElementSelector.m in Sources */,
				F6F837672010B0EC0093373E /* ISSSelector.m in Sources */,
				8AA14131202326D40058B23B /* ISSElementStylingProxy.m in Sources */,
				8AC2F3722023A6E50042D80C /* ISSStyleSheetParser+Support.m in Sources */,
				F648DB19202277D30011012C /* ISSRefreshableResource.m in Sources */,
				8A3296362021BBF4002259BD /* NSObject+ISSLogSupport.m in Sources */,
				8AA1412C2023256F0058B23B /* ISSRemoteFont.m in Sources */,
				8AD712B220230BE000C0FB05 /* ISSUpdatableValue.m in Sources */,
				F648DB1A202277D30011012C /* ISSDateUtils.m in Sources */,
				8A387FC72010D8810011BD52 /* ISSPseudoClass.m in Sources */,
				F6F837632010B0EC0093373E /* ISSRuleset.m in Sources */,
				8A97EE1620161A0A00BF210A /* ISSStyleSheetParser.m in Sources */,
				8A32963C2021BBF4002259BD /* UIDevice+ISSAdditions.m in Sources */,
				F6F8376D2010B1000093373E /* ISSParser.m in Sources */,
				8AEE849D2020745300567B11 /* ISSStylingManager.m in Sources */,
				F6F8375C2010AD940093373E /* ISSRuntimeProperty.m in Sources */,
				F6F8376B2010B0EC0093373E /* ISSStyleSheet.m in Sources */,
				8A387FCD2010DEE60011BD52 /* ISSStyleSheetManager.m in Sources */,
				8A03614E201A054800BA97F6 /* NSArray+ISSAdditions.m in Sources */,
				F66C15F92011F88500ECA6D0 /* ISSStyleSheetPropertyParser.m in Sources */,
				F6F837652010B0EC0093373E /* ISSPropertyDeclaration.m in Sources */,
				8AD712B6202310EE00C0FB05 /* ISSNotificationObserver.m in Sources */,
				F648DB15202277D30011012C /* ISSDownloadableResource.m in Sources */,
				8A677FFD202461BA00E20D18 /* UIColor+ISSAdditions.m in Sources */,
			);
			runOnlyForDeploymentPostprocessing = 0;
		};
/* End PBXSourcesBuildPhase section */

/* Begin PBXTargetDependency section */
		2785E26B18A8DCBB001D1104 /* PBXTargetDependency */ = {
			isa = PBXTargetDependency;
			target = F6F5FC1614F5683B008E647E /* InterfaCSS-Core */;
			targetProxy = 2785E26A18A8DCBB001D1104 /* PBXContainerItemProxy */;
		};
/* End PBXTargetDependency section */

/* Begin XCBuildConfiguration section */
		2785E26C18A8DCBB001D1104 /* Debug */ = {
			isa = XCBuildConfiguration;
			buildSettings = {
				CLANG_CXX_LANGUAGE_STANDARD = "gnu++0x";
				CLANG_CXX_LIBRARY = "libc++";
				CLANG_ENABLE_OBJC_ARC = YES;
				CLANG_WARN_DIRECT_OBJC_ISA_USAGE = YES_ERROR;
				CLANG_WARN_OBJC_ROOT_CLASS = YES_ERROR;
				GCC_PRECOMPILE_PREFIX_HEADER = YES;
				GCC_WARN_ABOUT_RETURN_TYPE = YES_ERROR;
				INFOPLIST_FILE = "Core/Test/InterfaCSS-Core-Test-Info.plist";
				OTHER_LDFLAGS = (
					"$(inherited)",
					"-ObjC",
				);
				PRODUCT_BUNDLE_IDENTIFIER = "com.leafnode.se.${PRODUCT_NAME:rfc1034identifier}";
				PRODUCT_NAME = "$(TARGET_NAME)";
				WRAPPER_EXTENSION = xctest;
			};
			name = Debug;
		};
		2785E26D18A8DCBB001D1104 /* Release */ = {
			isa = XCBuildConfiguration;
			buildSettings = {
				CLANG_CXX_LANGUAGE_STANDARD = "gnu++0x";
				CLANG_CXX_LIBRARY = "libc++";
				CLANG_ENABLE_OBJC_ARC = YES;
				CLANG_WARN_DIRECT_OBJC_ISA_USAGE = YES_ERROR;
				CLANG_WARN_OBJC_ROOT_CLASS = YES_ERROR;
				ENABLE_NS_ASSERTIONS = NO;
				GCC_PRECOMPILE_PREFIX_HEADER = YES;
				GCC_WARN_ABOUT_RETURN_TYPE = YES_ERROR;
				INFOPLIST_FILE = "Core/Test/InterfaCSS-Core-Test-Info.plist";
				OTHER_LDFLAGS = (
					"$(inherited)",
					"-ObjC",
				);
				PRODUCT_BUNDLE_IDENTIFIER = "com.leafnode.se.${PRODUCT_NAME:rfc1034identifier}";
				PRODUCT_NAME = "$(TARGET_NAME)";
				WRAPPER_EXTENSION = xctest;
			};
			name = Release;
		};
		F6F5FC2214F5683B008E647E /* Debug */ = {
			isa = XCBuildConfiguration;
			buildSettings = {
				ALWAYS_SEARCH_USER_PATHS = NO;
				CLANG_ENABLE_MODULES = YES;
				CLANG_WARN_BLOCK_CAPTURE_AUTORELEASING = YES;
				CLANG_WARN_BOOL_CONVERSION = YES;
				CLANG_WARN_COMMA = YES;
				CLANG_WARN_CONSTANT_CONVERSION = YES;
				CLANG_WARN_EMPTY_BODY = YES;
				CLANG_WARN_ENUM_CONVERSION = YES;
				CLANG_WARN_INFINITE_RECURSION = YES;
				CLANG_WARN_INT_CONVERSION = YES;
				CLANG_WARN_NON_LITERAL_NULL_CONVERSION = YES;
				CLANG_WARN_OBJC_LITERAL_CONVERSION = YES;
				CLANG_WARN_RANGE_LOOP_ANALYSIS = YES;
				CLANG_WARN_STRICT_PROTOTYPES = YES;
				CLANG_WARN_SUSPICIOUS_MOVE = YES;
				CLANG_WARN_UNREACHABLE_CODE = YES;
				CLANG_WARN__DUPLICATE_METHOD_MATCH = YES;
				COPY_PHASE_STRIP = NO;
				ENABLE_STRICT_OBJC_MSGSEND = YES;
				ENABLE_TESTABILITY = YES;
				FRAMEWORK_SEARCH_PATHS = "$(inherited)";
				GCC_C_LANGUAGE_STANDARD = gnu99;
				GCC_DYNAMIC_NO_PIC = NO;
				GCC_NO_COMMON_BLOCKS = YES;
				GCC_OPTIMIZATION_LEVEL = 0;
				GCC_PREPROCESSOR_DEFINITIONS = (
					"DEBUG=1",
					"$(inherited)",
				);
				GCC_SYMBOLS_PRIVATE_EXTERN = NO;
				GCC_VERSION = com.apple.compilers.llvm.clang.1_0;
				GCC_WARN_64_TO_32_BIT_CONVERSION = YES;
				GCC_WARN_ABOUT_RETURN_TYPE = YES;
				GCC_WARN_UNDECLARED_SELECTOR = YES;
				GCC_WARN_UNINITIALIZED_AUTOS = YES;
				GCC_WARN_UNUSED_FUNCTION = YES;
				GCC_WARN_UNUSED_VARIABLE = YES;
				IPHONEOS_DEPLOYMENT_TARGET = 8.0;
				LIBRARY_SEARCH_PATHS = "$(inherited)";
				ONLY_ACTIVE_ARCH = YES;
				OTHER_LDFLAGS = "$(inherited)";
				SDKROOT = iphoneos;
				USER_HEADER_SEARCH_PATHS = "$(inherited)";
			};
			name = Debug;
		};
		F6F5FC2314F5683B008E647E /* Release */ = {
			isa = XCBuildConfiguration;
			buildSettings = {
				ALWAYS_SEARCH_USER_PATHS = NO;
				CLANG_ENABLE_MODULES = YES;
				CLANG_WARN_BLOCK_CAPTURE_AUTORELEASING = YES;
				CLANG_WARN_BOOL_CONVERSION = YES;
				CLANG_WARN_COMMA = YES;
				CLANG_WARN_CONSTANT_CONVERSION = YES;
				CLANG_WARN_EMPTY_BODY = YES;
				CLANG_WARN_ENUM_CONVERSION = YES;
				CLANG_WARN_INFINITE_RECURSION = YES;
				CLANG_WARN_INT_CONVERSION = YES;
				CLANG_WARN_NON_LITERAL_NULL_CONVERSION = YES;
				CLANG_WARN_OBJC_LITERAL_CONVERSION = YES;
				CLANG_WARN_RANGE_LOOP_ANALYSIS = YES;
				CLANG_WARN_STRICT_PROTOTYPES = YES;
				CLANG_WARN_SUSPICIOUS_MOVE = YES;
				CLANG_WARN_UNREACHABLE_CODE = YES;
				CLANG_WARN__DUPLICATE_METHOD_MATCH = YES;
				COPY_PHASE_STRIP = YES;
				ENABLE_STRICT_OBJC_MSGSEND = YES;
				FRAMEWORK_SEARCH_PATHS = "$(inherited)";
				GCC_C_LANGUAGE_STANDARD = gnu99;
				GCC_NO_COMMON_BLOCKS = YES;
				GCC_VERSION = com.apple.compilers.llvm.clang.1_0;
				GCC_WARN_64_TO_32_BIT_CONVERSION = YES;
				GCC_WARN_ABOUT_RETURN_TYPE = YES;
				GCC_WARN_UNDECLARED_SELECTOR = YES;
				GCC_WARN_UNINITIALIZED_AUTOS = YES;
				GCC_WARN_UNUSED_FUNCTION = YES;
				GCC_WARN_UNUSED_VARIABLE = YES;
				IPHONEOS_DEPLOYMENT_TARGET = 8.0;
				LIBRARY_SEARCH_PATHS = "$(inherited)";
				OTHER_LDFLAGS = "$(inherited)";
				SDKROOT = iphoneos;
				USER_HEADER_SEARCH_PATHS = "$(inherited)";
				VALIDATE_PRODUCT = YES;
			};
			name = Release;
		};
		F6F5FC2514F5683B008E647E /* Debug */ = {
			isa = XCBuildConfiguration;
			buildSettings = {
				CLANG_ENABLE_OBJC_ARC = YES;
				DSTROOT = /tmp/InterfaCSS.dst;
				GCC_PREPROCESSOR_DEFINITIONS = (
					"$(inherited)",
					"LOG_TRACE=1",
				);
				PRODUCT_NAME = "$(TARGET_NAME)";
				SKIP_INSTALL = YES;
			};
			name = Debug;
		};
		F6F5FC2614F5683B008E647E /* Release */ = {
			isa = XCBuildConfiguration;
			buildSettings = {
				CLANG_ENABLE_OBJC_ARC = YES;
				DSTROOT = /tmp/InterfaCSS.dst;
				PRODUCT_NAME = "$(TARGET_NAME)";
				SKIP_INSTALL = YES;
			};
			name = Release;
		};
/* End XCBuildConfiguration section */

/* Begin XCConfigurationList section */
		2785E26E18A8DCBB001D1104 /* Build configuration list for PBXNativeTarget "InterfaCSS-Core Tests" */ = {
			isa = XCConfigurationList;
			buildConfigurations = (
				2785E26C18A8DCBB001D1104 /* Debug */,
				2785E26D18A8DCBB001D1104 /* Release */,
			);
			defaultConfigurationIsVisible = 0;
			defaultConfigurationName = Release;
		};
		F6F5FC1114F5683B008E647E /* Build configuration list for PBXProject "InterfaCSS" */ = {
			isa = XCConfigurationList;
			buildConfigurations = (
				F6F5FC2214F5683B008E647E /* Debug */,
				F6F5FC2314F5683B008E647E /* Release */,
			);
			defaultConfigurationIsVisible = 0;
			defaultConfigurationName = Release;
		};
		F6F5FC2414F5683B008E647E /* Build configuration list for PBXNativeTarget "InterfaCSS-Core" */ = {
			isa = XCConfigurationList;
			buildConfigurations = (
				F6F5FC2514F5683B008E647E /* Debug */,
				F6F5FC2614F5683B008E647E /* Release */,
			);
			defaultConfigurationIsVisible = 0;
			defaultConfigurationName = Release;
		};
/* End XCConfigurationList section */
	};
	rootObject = F6F5FC0E14F5683B008E647E /* Project object */;
}
