<?xml version="1.0" encoding="UTF-8"?>
<Scheme
   version = "1.3">
   <BuildAction>
      <BuildActionEntries>
         <BuildActionEntry
            buildForRunning = "YES"
            buildForTesting = "YES">
            <BuildableReference
               BuildableIdentifier = "primary"
               BlueprintIdentifier = "2785E25B18A8DCBB001D1104"
               BuildableName = "InterfaCSS Tests.xctest"
               BlueprintName = "InterfaCSS Tests"
               ReferencedContainer = "container:InterfaCSS.xcodeproj">
            </BuildableReference>
         </BuildActionEntry>
      </BuildActionEntries>
   </BuildAction>
   <TestAction
      buildConfiguration = "Debug">
      <Testables>
         <TestableReference>
            <BuildableReference
               BuildableIdentifier = "primary"
               BlueprintIdentifier = "2785E25B18A8DCBB001D1104"
               BuildableName = "InterfaCSS Tests.xctest"
               BlueprintName = "InterfaCSS Tests"
               ReferencedContainer = "container:InterfaCSS.xcodeproj">
            </BuildableReference>
         </TestableReference>
      </Testables>
   </TestAction>
   <LaunchAction
      useCustomWorkingDirectory = "NO">
   </LaunchAction>
</Scheme>
