PODS:
  - InterfaCSS (2.0-Beta3):
    - InterfaCSS/Core (= 2.0-Beta3)
  - InterfaCSS/Core (2.0-Beta3)
  - InterfaCSS/Layout (2.0-Beta3):
    - InterfaCSS/Core
    - YogaKit (~> 1.0)
  - Yoga (1.9.0)
  - YogaKit (1.9.0):
    - Yoga (~> 1.9)

DEPENDENCIES:
  - InterfaCSS (from `../../`)
  - InterfaCSS/Layout (from `../../`)

SPEC REPOS:
  https://github.com/cocoapods/specs.git:
    - Yoga
    - YogaKit

EXTERNAL SOURCES:
  InterfaCSS:
    :path: "../../"

SPEC CHECKSUMS:
  InterfaCSS: a739d6046f47b071b1d636df88800f926c6a0af5
  Yoga: aaae8abea68951f60bee05f6277d3eed90bb91bb
  YogaKit: d447a9bb808718e6f58e52a2255a8050081a3ead

PODFILE CHECKSUM: f52e66128862fc388b3f7bfbbd31175d1f192d87

COCOAPODS: 1.5.3
